{
  "requires": true,
  "lockfileVersion": 1,
  "dependencies": {
    "encoding": {
      "version": "0.1.12",
      "resolved": "https://registry.npmjs.org/encoding/-/encoding-0.1.12.tgz",
      "integrity": "sha1-U4tm8+5izRq1HsMjgp0flIDHS+s=",
      "dev": true,
      "requires": {
        "iconv-lite": "0.4.21"
      }
    },
    "iconv-lite": {
      "version": "0.4.21",
      "resolved": "https://registry.npmjs.org/iconv-lite/-/iconv-lite-0.4.21.tgz",
      "integrity": "sha512-En5V9za5mBt2oUA03WGD3TwDv0MKAruqsuxstbMUZaj9W9k/m1CV/9py3l0L5kw9Bln8fdHQmzHSYtvpvTLpKw==",
      "dev": true,
      "requires": {
        "safer-buffer": "2.1.0"
      }
    },
    "is-stream": {
      "version": "1.1.0",
      "resolved": "https://registry.npmjs.org/is-stream/-/is-stream-1.1.0.tgz",
      "integrity": "sha1-EtSj3U5o4Lec6428hBc66A2RykQ=",
      "dev": true
    },
    "isomorphic-fetch": {
      "version": "2.2.1",
      "resolved": "https://registry.npmjs.org/isomorphic-fetch/-/isomorphic-fetch-2.2.1.tgz",
      "integrity": "sha1-YRrhrPFPXoH3KVB0coGf6XM1WKk=",
      "dev": true,
      "requires": {
        "node-fetch": "1.7.3",
        "whatwg-fetch": "2.0.4"
      }
    },
    "jest-fetch-mock": {
      "version": "1.5.0",
      "resolved": "https://registry.npmjs.org/jest-fetch-mock/-/jest-fetch-mock-1.5.0.tgz",
      "integrity": "sha512-p+8lvpPc7JQcOb7fDSkyBCaN/xN4qKeZjJAwrgPSBeLUtlzFALyj6wiPXnYH7vNZmPFzBqGRDrwKMDfIDWtSRw==",
      "dev": true,
      "requires": {
        "isomorphic-fetch": "2.2.1"
      }
    },
    "node-fetch": {
      "version": "1.7.3",
      "resolved": "https://registry.npmjs.org/node-fetch/-/node-fetch-1.7.3.tgz",
      "integrity": "sha512-NhZ4CsKx7cYm2vSrBAr2PvFOe6sWDf0UYLRqA6svUYg7+/TSfVAu49jYC4BvQ4Sms9SZgdqGBgroqfDhJdTyKQ==",
      "dev": true,
      "requires": {
        "encoding": "0.1.12",
        "is-stream": "1.1.0"
      }
    },
    "safer-buffer": {
      "version": "2.1.0",
      "resolved": "https://registry.npmjs.org/safer-buffer/-/safer-buffer-2.1.0.tgz",
      "integrity": "sha512-HQhCIIl7TrF1aa7d352EXG+xumPERvoIWxOqq2CagDId0FVGtlG/fuQ7kZT+wZ7ytyGiP3pnYUVni5otBzOVmA==",
      "dev": true
    },
    "whatwg-fetch": {
      "version": "2.0.4",
      "resolved": "https://registry.npmjs.org/whatwg-fetch/-/whatwg-fetch-2.0.4.tgz",
      "integrity": "sha512-dcQ1GWpOD/eEQ97k66aiEVpNnapVj90/+R+SXTPYGHpYBBypfKJEQjLrvMZ7YXbKm21gXd4NcuxUTjiv1YtLng==",
      "dev": true
    }
  }
}
